
Microsoft Visual Studio Solution File, Format Version 12.00
# Visual Studio 15
VisualStudioVersion = 15.0.27130.2010
MinimumVisualStudioVersion = 10.0.40219.1
Project("{FAE04EC0-301F-11D3-BF4B-00C04F79EFBC}") = "Metaproject.Users.CDorst.GitCommit", "Metaproject.Users.CDorst.GitCommit\Metaproject.Users.CDorst.GitCommit.csproj", "{7F043533-960F-4703-BBEF-444BAD9FBD1F}"
EndProject
Global
	GlobalSection(SolutionConfigurationPlatforms) = preSolution
		Debug|Any CPU = Debug|Any CPU
		Release|Any CPU = Release|Any CPU
	EndGlobalSection
	GlobalSection(ProjectConfigurationPlatforms) = postSolution
		{7F043533-960F-4703-BBEF-444BAD9FBD1F}.Debug|Any CPU.ActiveCfg = Debug|Any CPU
		{7F043533-960F-4703-BBEF-444BAD9FBD1F}.Debug|Any CPU.Build.0 = Debug|Any CPU
		{7F043533-960F-4703-BBEF-444BAD9FBD1F}.Release|Any CPU.ActiveCfg = Release|Any CPU
		{7F043533-960F-4703-BBEF-444BAD9FBD1F}.Release|Any CPU.Build.0 = Release|Any CPU
	EndGlobalSection
	GlobalSection(SolutionProperties) = preSolution
		HideSolutionNode = FALSE
	EndGlobalSection
	GlobalSection(ExtensibilityGlobals) = postSolution
		SolutionGuid = {8F23645C-9870-4296-A6AD-BDE1E60E28C9}
	EndGlobalSection
EndGlobal
